// !$*UTF8*$!
{
	archiveVersion = 1;
	classes = {
	};
	objectVersion = 55;
	objects = {

/* Begin PBXBuildFile section */
		3939A1975DB9C25FCC2123D3 /* libPods-InstagramUITests.a in Frameworks */ = {isa = PBXBuildFile; fileRef = CF2D6A8E8A27EC8B4AEE04A2 /* libPods-InstagramUITests.a */; };
		965834DA35C494645A3E61B1 /* libPods-InstagramTests.a in Frameworks */ = {isa = PBXBuildFile; fileRef = B38545C8F9A9A53EAF646B4C /* libPods-InstagramTests.a */; };
		9895ADECD0155D65DAD0ABC7 /* libPods-Instagram.a in Frameworks */ = {isa = PBXBuildFile; fileRef = EFA11449FFC7F2188264FFA5 /* libPods-Instagram.a */; };
		F53B3121286E5159001F37CA /* InfiniteScrollActivityView.m in Sources */ = {isa = PBXBuildFile; fileRef = F53B3120286E5159001F37CA /* InfiniteScrollActivityView.m */; };
		F59A6A43286BD71E0073C1BB /* DetailsViewController.m in Sources */ = {isa = PBXBuildFile; fileRef = F59A6A42286BD71E0073C1BB /* DetailsViewController.m */; };
		F59A6A89286D695C0073C1BB /* ProfileViewController.m in Sources */ = {isa = PBXBuildFile; fileRef = F59A6A88286D695C0073C1BB /* ProfileViewController.m */; };
		F59A6A8C286D69D80073C1BB /* PostCollectionViewCell.m in Sources */ = {isa = PBXBuildFile; fileRef = F59A6A8B286D69D80073C1BB /* PostCollectionViewCell.m */; };
		F5CDAB8B286A54F300DD1836 /* AppDelegate.m in Sources */ = {isa = PBXBuildFile; fileRef = F5CDAB8A286A54F300DD1836 /* AppDelegate.m */; };
		F5CDAB8E286A54F300DD1836 /* SceneDelegate.m in Sources */ = {isa = PBXBuildFile; fileRef = F5CDAB8D286A54F300DD1836 /* SceneDelegate.m */; };
		F5CDAB94286A54F300DD1836 /* Main.storyboard in Resources */ = {isa = PBXBuildFile; fileRef = F5CDAB92286A54F300DD1836 /* Main.storyboard */; };
		F5CDAB96286A54F400DD1836 /* Assets.xcassets in Resources */ = {isa = PBXBuildFile; fileRef = F5CDAB95286A54F400DD1836 /* Assets.xcassets */; };
		F5CDAB99286A54F400DD1836 /* LaunchScreen.storyboard in Resources */ = {isa = PBXBuildFile; fileRef = F5CDAB97286A54F400DD1836 /* LaunchScreen.storyboard */; };
		F5CDAB9C286A54F400DD1836 /* main.m in Sources */ = {isa = PBXBuildFile; fileRef = F5CDAB9B286A54F400DD1836 /* main.m */; };
		F5CDABA6286A54F400DD1836 /* InstagramTests.m in Sources */ = {isa = PBXBuildFile; fileRef = F5CDABA5286A54F400DD1836 /* InstagramTests.m */; };
		F5CDABB0286A54F400DD1836 /* InstagramUITests.m in Sources */ = {isa = PBXBuildFile; fileRef = F5CDABAF286A54F400DD1836 /* InstagramUITests.m */; };
		F5CDABB2286A54F400DD1836 /* InstagramUITestsLaunchTests.m in Sources */ = {isa = PBXBuildFile; fileRef = F5CDABB1286A54F400DD1836 /* InstagramUITestsLaunchTests.m */; };
		F5CDABC0286A568500DD1836 /* LoginViewController.m in Sources */ = {isa = PBXBuildFile; fileRef = F5CDABBF286A568500DD1836 /* LoginViewController.m */; };
		F5CDABC3286A634500DD1836 /* HomeFeedViewController.m in Sources */ = {isa = PBXBuildFile; fileRef = F5CDABC2286A634500DD1836 /* HomeFeedViewController.m */; };
		F5CDABC6286A716400DD1836 /* PhotoMapViewController.m in Sources */ = {isa = PBXBuildFile; fileRef = F5CDABC5286A716400DD1836 /* PhotoMapViewController.m */; };
		F5CDABC9286A758A00DD1836 /* Post.m in Sources */ = {isa = PBXBuildFile; fileRef = F5CDABC8286A758A00DD1836 /* Post.m */; };
		F5CDABCF286BA37800DD1836 /* PostTableViewCell.m in Sources */ = {isa = PBXBuildFile; fileRef = F5CDABCE286BA37800DD1836 /* PostTableViewCell.m */; };
/* End PBXBuildFile section */

/* Begin PBXContainerItemProxy section */
		F5CDABA2286A54F400DD1836 /* PBXContainerItemProxy */ = {
			isa = PBXContainerItemProxy;
			containerPortal = F5CDAB7E286A54F300DD1836 /* Project object */;
			proxyType = 1;
			remoteGlobalIDString = F5CDAB85286A54F300DD1836;
			remoteInfo = Instagram;
		};
		F5CDABAC286A54F400DD1836 /* PBXContainerItemProxy */ = {
			isa = PBXContainerItemProxy;
			containerPortal = F5CDAB7E286A54F300DD1836 /* Project object */;
			proxyType = 1;
			remoteGlobalIDString = F5CDAB85286A54F300DD1836;
			remoteInfo = Instagram;
		};
/* End PBXContainerItemProxy section */

/* Begin PBXFileReference section */
		5C55579497AD320C15B025FA /* Pods-InstagramUITests.release.xcconfig */ = {isa = PBXFileReference; includeInIndex = 1; lastKnownFileType = text.xcconfig; name = "Pods-InstagramUITests.release.xcconfig"; path = "Pods/Target Support Files/Pods-InstagramUITests/Pods-InstagramUITests.release.xcconfig"; sourceTree = "<group>"; };
		A25FE57635077B4B74FC3037 /* Pods-InstagramTests.debug.xcconfig */ = {isa = PBXFileReference; includeInIndex = 1; lastKnownFileType = text.xcconfig; name = "Pods-InstagramTests.debug.xcconfig"; path = "Pods/Target Support Files/Pods-InstagramTests/Pods-InstagramTests.debug.xcconfig"; sourceTree = "<group>"; };
		B38545C8F9A9A53EAF646B4C /* libPods-InstagramTests.a */ = {isa = PBXFileReference; explicitFileType = archive.ar; includeInIndex = 0; path = "libPods-InstagramTests.a"; sourceTree = BUILT_PRODUCTS_DIR; };
		CF2D6A8E8A27EC8B4AEE04A2 /* libPods-InstagramUITests.a */ = {isa = PBXFileReference; explicitFileType = archive.ar; includeInIndex = 0; path = "libPods-InstagramUITests.a"; sourceTree = BUILT_PRODUCTS_DIR; };
		E469A9157B4447E901437681 /* Pods-InstagramTests.release.xcconfig */ = {isa = PBXFileReference; includeInIndex = 1; lastKnownFileType = text.xcconfig; name = "Pods-InstagramTests.release.xcconfig"; path = "Pods/Target Support Files/Pods-InstagramTests/Pods-InstagramTests.release.xcconfig"; sourceTree = "<group>"; };
		EBF3B8DDAA5601294F901113 /* Pods-InstagramUITests.debug.xcconfig */ = {isa = PBXFileReference; includeInIndex = 1; lastKnownFileType = text.xcconfig; name = "Pods-InstagramUITests.debug.xcconfig"; path = "Pods/Target Support Files/Pods-InstagramUITests/Pods-InstagramUITests.debug.xcconfig"; sourceTree = "<group>"; };
		ECF8F8813A9B6C3EEC12E1BD /* Pods-Instagram.debug.xcconfig */ = {isa = PBXFileReference; includeInIndex = 1; lastKnownFileType = text.xcconfig; name = "Pods-Instagram.debug.xcconfig"; path = "Pods/Target Support Files/Pods-Instagram/Pods-Instagram.debug.xcconfig"; sourceTree = "<group>"; };
		EFA11449FFC7F2188264FFA5 /* libPods-Instagram.a */ = {isa = PBXFileReference; explicitFileType = archive.ar; includeInIndex = 0; path = "libPods-Instagram.a"; sourceTree = BUILT_PRODUCTS_DIR; };
		F53B311F286E5159001F37CA /* InfiniteScrollActivityView.h */ = {isa = PBXFileReference; lastKnownFileType = sourcecode.c.h; path = InfiniteScrollActivityView.h; sourceTree = "<group>"; };
		F53B3120286E5159001F37CA /* InfiniteScrollActivityView.m */ = {isa = PBXFileReference; lastKnownFileType = sourcecode.c.objc; path = InfiniteScrollActivityView.m; sourceTree = "<group>"; };
		F59A6A41286BD71E0073C1BB /* DetailsViewController.h */ = {isa = PBXFileReference; lastKnownFileType = sourcecode.c.h; path = DetailsViewController.h; sourceTree = "<group>"; };
		F59A6A42286BD71E0073C1BB /* DetailsViewController.m */ = {isa = PBXFileReference; lastKnownFileType = sourcecode.c.objc; path = DetailsViewController.m; sourceTree = "<group>"; };
		F59A6A87286D695C0073C1BB /* ProfileViewController.h */ = {isa = PBXFileReference; lastKnownFileType = sourcecode.c.h; path = ProfileViewController.h; sourceTree = "<group>"; };
		F59A6A88286D695C0073C1BB /* ProfileViewController.m */ = {isa = PBXFileReference; lastKnownFileType = sourcecode.c.objc; path = ProfileViewController.m; sourceTree = "<group>"; };
		F59A6A8A286D69D80073C1BB /* PostCollectionViewCell.h */ = {isa = PBXFileReference; lastKnownFileType = sourcecode.c.h; path = PostCollectionViewCell.h; sourceTree = "<group>"; };
		F59A6A8B286D69D80073C1BB /* PostCollectionViewCell.m */ = {isa = PBXFileReference; lastKnownFileType = sourcecode.c.objc; path = PostCollectionViewCell.m; sourceTree = "<group>"; };
		F5CDAB86286A54F300DD1836 /* Instagram.app */ = {isa = PBXFileReference; explicitFileType = wrapper.application; includeInIndex = 0; path = Instagram.app; sourceTree = BUILT_PRODUCTS_DIR; };
		F5CDAB89286A54F300DD1836 /* AppDelegate.h */ = {isa = PBXFileReference; lastKnownFileType = sourcecode.c.h; path = AppDelegate.h; sourceTree = "<group>"; };
		F5CDAB8A286A54F300DD1836 /* AppDelegate.m */ = {isa = PBXFileReference; lastKnownFileType = sourcecode.c.objc; path = AppDelegate.m; sourceTree = "<group>"; };
		F5CDAB8C286A54F300DD1836 /* SceneDelegate.h */ = {isa = PBXFileReference; lastKnownFileType = sourcecode.c.h; path = SceneDelegate.h; sourceTree = "<group>"; };
		F5CDAB8D286A54F300DD1836 /* SceneDelegate.m */ = {isa = PBXFileReference; lastKnownFileType = sourcecode.c.objc; path = SceneDelegate.m; sourceTree = "<group>"; };
		F5CDAB93286A54F300DD1836 /* Base */ = {isa = PBXFileReference; lastKnownFileType = file.storyboard; name = Base; path = Base.lproj/Main.storyboard; sourceTree = "<group>"; };
		F5CDAB95286A54F400DD1836 /* Assets.xcassets */ = {isa = PBXFileReference; lastKnownFileType = folder.assetcatalog; path = Assets.xcassets; sourceTree = "<group>"; };
		F5CDAB98286A54F400DD1836 /* Base */ = {isa = PBXFileReference; lastKnownFileType = file.storyboard; name = Base; path = Base.lproj/LaunchScreen.storyboard; sourceTree = "<group>"; };
		F5CDAB9A286A54F400DD1836 /* Info.plist */ = {isa = PBXFileReference; lastKnownFileType = text.plist.xml; path = Info.plist; sourceTree = "<group>"; };
		F5CDAB9B286A54F400DD1836 /* main.m */ = {isa = PBXFileReference; lastKnownFileType = sourcecode.c.objc; path = main.m; sourceTree = "<group>"; };
		F5CDABA1286A54F400DD1836 /* InstagramTests.xctest */ = {isa = PBXFileReference; explicitFileType = wrapper.cfbundle; includeInIndex = 0; path = InstagramTests.xctest; sourceTree = BUILT_PRODUCTS_DIR; };
		F5CDABA5286A54F400DD1836 /* InstagramTests.m */ = {isa = PBXFileReference; lastKnownFileType = sourcecode.c.objc; path = InstagramTests.m; sourceTree = "<group>"; };
		F5CDABAB286A54F400DD1836 /* InstagramUITests.xctest */ = {isa = PBXFileReference; explicitFileType = wrapper.cfbundle; includeInIndex = 0; path = InstagramUITests.xctest; sourceTree = BUILT_PRODUCTS_DIR; };
		F5CDABAF286A54F400DD1836 /* InstagramUITests.m */ = {isa = PBXFileReference; lastKnownFileType = sourcecode.c.objc; path = InstagramUITests.m; sourceTree = "<group>"; };
		F5CDABB1286A54F400DD1836 /* InstagramUITestsLaunchTests.m */ = {isa = PBXFileReference; lastKnownFileType = sourcecode.c.objc; path = InstagramUITestsLaunchTests.m; sourceTree = "<group>"; };
		F5CDABBE286A568500DD1836 /* LoginViewController.h */ = {isa = PBXFileReference; lastKnownFileType = sourcecode.c.h; path = LoginViewController.h; sourceTree = "<group>"; };
		F5CDABBF286A568500DD1836 /* LoginViewController.m */ = {isa = PBXFileReference; lastKnownFileType = sourcecode.c.objc; path = LoginViewController.m; sourceTree = "<group>"; };
		F5CDABC1286A634500DD1836 /* HomeFeedViewController.h */ = {isa = PBXFileReference; lastKnownFileType = sourcecode.c.h; path = HomeFeedViewController.h; sourceTree = "<group>"; };
		F5CDABC2286A634500DD1836 /* HomeFeedViewController.m */ = {isa = PBXFileReference; lastKnownFileType = sourcecode.c.objc; path = HomeFeedViewController.m; sourceTree = "<group>"; };
		F5CDABC4286A716400DD1836 /* PhotoMapViewController.h */ = {isa = PBXFileReference; lastKnownFileType = sourcecode.c.h; path = PhotoMapViewController.h; sourceTree = "<group>"; };
		F5CDABC5286A716400DD1836 /* PhotoMapViewController.m */ = {isa = PBXFileReference; lastKnownFileType = sourcecode.c.objc; path = PhotoMapViewController.m; sourceTree = "<group>"; };
		F5CDABC7286A758A00DD1836 /* Post.h */ = {isa = PBXFileReference; lastKnownFileType = sourcecode.c.h; path = Post.h; sourceTree = "<group>"; };
		F5CDABC8286A758A00DD1836 /* Post.m */ = {isa = PBXFileReference; lastKnownFileType = sourcecode.c.objc; path = Post.m; sourceTree = "<group>"; };
		F5CDABCD286BA37800DD1836 /* PostTableViewCell.h */ = {isa = PBXFileReference; lastKnownFileType = sourcecode.c.h; path = PostTableViewCell.h; sourceTree = "<group>"; };
		F5CDABCE286BA37800DD1836 /* PostTableViewCell.m */ = {isa = PBXFileReference; lastKnownFileType = sourcecode.c.objc; path = PostTableViewCell.m; sourceTree = "<group>"; };
		F7F02155B674F6E01C01855A /* Pods-Instagram.release.xcconfig */ = {isa = PBXFileReference; includeInIndex = 1; lastKnownFileType = text.xcconfig; name = "Pods-Instagram.release.xcconfig"; path = "Pods/Target Support Files/Pods-Instagram/Pods-Instagram.release.xcconfig"; sourceTree = "<group>"; };
/* End PBXFileReference section */

/* Begin PBXFrameworksBuildPhase section */
		F5CDAB83286A54F300DD1836 /* Frameworks */ = {
			isa = PBXFrameworksBuildPhase;
			buildActionMask = 2147483647;
			files = (
				9895ADECD0155D65DAD0ABC7 /* libPods-Instagram.a in Frameworks */,
			);
			runOnlyForDeploymentPostprocessing = 0;
		};
		F5CDAB9E286A54F400DD1836 /* Frameworks */ = {
			isa = PBXFrameworksBuildPhase;
			buildActionMask = 2147483647;
			files = (
				965834DA35C494645A3E61B1 /* libPods-InstagramTests.a in Frameworks */,
			);
			runOnlyForDeploymentPostprocessing = 0;
		};
		F5CDABA8286A54F400DD1836 /* Frameworks */ = {
			isa = PBXFrameworksBuildPhase;
			buildActionMask = 2147483647;
			files = (
				3939A1975DB9C25FCC2123D3 /* libPods-InstagramUITests.a in Frameworks */,
			);
			runOnlyForDeploymentPostprocessing = 0;
		};
/* End PBXFrameworksBuildPhase section */

/* Begin PBXGroup section */
		375E582E9FE3F4B535EB6B56 /* Frameworks */ = {
			isa = PBXGroup;
			children = (
				EFA11449FFC7F2188264FFA5 /* libPods-Instagram.a */,
				B38545C8F9A9A53EAF646B4C /* libPods-InstagramTests.a */,
				CF2D6A8E8A27EC8B4AEE04A2 /* libPods-InstagramUITests.a */,
			);
			name = Frameworks;
			sourceTree = "<group>";
		};
		892A157BFADE250D51B0E181 /* Pods */ = {
			isa = PBXGroup;
			children = (
				ECF8F8813A9B6C3EEC12E1BD /* Pods-Instagram.debug.xcconfig */,
				F7F02155B674F6E01C01855A /* Pods-Instagram.release.xcconfig */,
				A25FE57635077B4B74FC3037 /* Pods-InstagramTests.debug.xcconfig */,
				E469A9157B4447E901437681 /* Pods-InstagramTests.release.xcconfig */,
				EBF3B8DDAA5601294F901113 /* Pods-InstagramUITests.debug.xcconfig */,
				5C55579497AD320C15B025FA /* Pods-InstagramUITests.release.xcconfig */,
			);
			name = Pods;
			sourceTree = "<group>";
		};
		F5CDAB7D286A54F300DD1836 = {
			isa = PBXGroup;
			children = (
				F5CDAB88286A54F300DD1836 /* Instagram */,
				F5CDABA4286A54F400DD1836 /* InstagramTests */,
				F5CDABAE286A54F400DD1836 /* InstagramUITests */,
				F5CDAB87286A54F300DD1836 /* Products */,
				892A157BFADE250D51B0E181 /* Pods */,
				375E582E9FE3F4B535EB6B56 /* Frameworks */,
			);
			sourceTree = "<group>";
		};
		F5CDAB87286A54F300DD1836 /* Products */ = {
			isa = PBXGroup;
			children = (
				F5CDAB86286A54F300DD1836 /* Instagram.app */,
				F5CDABA1286A54F400DD1836 /* InstagramTests.xctest */,
				F5CDABAB286A54F400DD1836 /* InstagramUITests.xctest */,
			);
			name = Products;
			sourceTree = "<group>";
		};
		F5CDAB88286A54F300DD1836 /* Instagram */ = {
			isa = PBXGroup;
			children = (
				F5CDAB89286A54F300DD1836 /* AppDelegate.h */,
				F5CDAB8A286A54F300DD1836 /* AppDelegate.m */,
				F5CDAB8C286A54F300DD1836 /* SceneDelegate.h */,
				F5CDAB8D286A54F300DD1836 /* SceneDelegate.m */,
				F5CDAB92286A54F300DD1836 /* Main.storyboard */,
				F59A6A8A286D69D80073C1BB /* PostCollectionViewCell.h */,
				F59A6A8B286D69D80073C1BB /* PostCollectionViewCell.m */,
				F59A6A87286D695C0073C1BB /* ProfileViewController.h */,
				F59A6A88286D695C0073C1BB /* ProfileViewController.m */,
				F59A6A41286BD71E0073C1BB /* DetailsViewController.h */,
				F59A6A42286BD71E0073C1BB /* DetailsViewController.m */,
				F5CDABCD286BA37800DD1836 /* PostTableViewCell.h */,
				F5CDABCE286BA37800DD1836 /* PostTableViewCell.m */,
				F5CDABC7286A758A00DD1836 /* Post.h */,
				F5CDABC8286A758A00DD1836 /* Post.m */,
				F5CDABC1286A634500DD1836 /* HomeFeedViewController.h */,
				F5CDABC2286A634500DD1836 /* HomeFeedViewController.m */,
				F53B311F286E5159001F37CA /* InfiniteScrollActivityView.h */,
				F53B3120286E5159001F37CA /* InfiniteScrollActivityView.m */,
				F5CDABBE286A568500DD1836 /* LoginViewController.h */,
				F5CDABBF286A568500DD1836 /* LoginViewController.m */,
				F5CDAB95286A54F400DD1836 /* Assets.xcassets */,
				F5CDAB97286A54F400DD1836 /* LaunchScreen.storyboard */,
				F5CDAB9A286A54F400DD1836 /* Info.plist */,
				F5CDABC4286A716400DD1836 /* PhotoMapViewController.h */,
				F5CDABC5286A716400DD1836 /* PhotoMapViewController.m */,
				F5CDAB9B286A54F400DD1836 /* main.m */,
			);
			path = Instagram;
			sourceTree = "<group>";
		};
		F5CDABA4286A54F400DD1836 /* InstagramTests */ = {
			isa = PBXGroup;
			children = (
				F5CDABA5286A54F400DD1836 /* InstagramTests.m */,
			);
			path = InstagramTests;
			sourceTree = "<group>";
		};
		F5CDABAE286A54F400DD1836 /* InstagramUITests */ = {
			isa = PBXGroup;
			children = (
				F5CDABAF286A54F400DD1836 /* InstagramUITests.m */,
				F5CDABB1286A54F400DD1836 /* InstagramUITestsLaunchTests.m */,
			);
			path = InstagramUITests;
			sourceTree = "<group>";
		};
/* End PBXGroup section */

/* Begin PBXNativeTarget section */
		F5CDAB85286A54F300DD1836 /* Instagram */ = {
			isa = PBXNativeTarget;
			buildConfigurationList = F5CDABB5286A54F400DD1836 /* Build configuration list for PBXNativeTarget "Instagram" */;
			buildPhases = (
				E8995101E4B0722E22910BC1 /* [CP] Check Pods Manifest.lock */,
				F5CDAB82286A54F300DD1836 /* Sources */,
				F5CDAB83286A54F300DD1836 /* Frameworks */,
				F5CDAB84286A54F300DD1836 /* Resources */,
				A8FFDD031C637859C7074D44 /* [CP] Copy Pods Resources */,
			);
			buildRules = (
			);
			dependencies = (
			);
			name = Instagram;
			productName = Instagram;
			productReference = F5CDAB86286A54F300DD1836 /* Instagram.app */;
			productType = "com.apple.product-type.application";
		};
		F5CDABA0286A54F400DD1836 /* InstagramTests */ = {
			isa = PBXNativeTarget;
			buildConfigurationList = F5CDABB8286A54F400DD1836 /* Build configuration list for PBXNativeTarget "InstagramTests" */;
			buildPhases = (
				8A2D713A4BBBAF142162D243 /* [CP] Check Pods Manifest.lock */,
				F5CDAB9D286A54F400DD1836 /* Sources */,
				F5CDAB9E286A54F400DD1836 /* Frameworks */,
				F5CDAB9F286A54F400DD1836 /* Resources */,
			);
			buildRules = (
			);
			dependencies = (
				F5CDABA3286A54F400DD1836 /* PBXTargetDependency */,
			);
			name = InstagramTests;
			productName = InstagramTests;
			productReference = F5CDABA1286A54F400DD1836 /* InstagramTests.xctest */;
			productType = "com.apple.product-type.bundle.unit-test";
		};
		F5CDABAA286A54F400DD1836 /* InstagramUITests */ = {
			isa = PBXNativeTarget;
			buildConfigurationList = F5CDABBB286A54F400DD1836 /* Build configuration list for PBXNativeTarget "InstagramUITests" */;
			buildPhases = (
				D7E9AC87D8D2305A45D11B4D /* [CP] Check Pods Manifest.lock */,
				F5CDABA7286A54F400DD1836 /* Sources */,
				F5CDABA8286A54F400DD1836 /* Frameworks */,
				F5CDABA9286A54F400DD1836 /* Resources */,
			);
			buildRules = (
			);
			dependencies = (
				F5CDABAD286A54F400DD1836 /* PBXTargetDependency */,
			);
			name = InstagramUITests;
			productName = InstagramUITests;
			productReference = F5CDABAB286A54F400DD1836 /* InstagramUITests.xctest */;
			productType = "com.apple.product-type.bundle.ui-testing";
		};
/* End PBXNativeTarget section */

/* Begin PBXProject section */
		F5CDAB7E286A54F300DD1836 /* Project object */ = {
			isa = PBXProject;
			attributes = {
				LastUpgradeCheck = 1340;
				TargetAttributes = {
					F5CDAB85286A54F300DD1836 = {
						CreatedOnToolsVersion = 13.4;
					};
					F5CDABA0286A54F400DD1836 = {
						CreatedOnToolsVersion = 13.4;
						TestTargetID = F5CDAB85286A54F300DD1836;
					};
					F5CDABAA286A54F400DD1836 = {
						CreatedOnToolsVersion = 13.4;
						TestTargetID = F5CDAB85286A54F300DD1836;
					};
				};
			};
			buildConfigurationList = F5CDAB81286A54F300DD1836 /* Build configuration list for PBXProject "Instagram" */;
			compatibilityVersion = "Xcode 13.0";
			developmentRegion = en;
			hasScannedForEncodings = 0;
			knownRegions = (
				en,
				Base,
			);
			mainGroup = F5CDAB7D286A54F300DD1836;
			productRefGroup = F5CDAB87286A54F300DD1836 /* Products */;
			projectDirPath = "";
			projectRoot = "";
			targets = (
				F5CDAB85286A54F300DD1836 /* Instagram */,
				F5CDABA0286A54F400DD1836 /* InstagramTests */,
				F5CDABAA286A54F400DD1836 /* InstagramUITests */,
			);
		};
/* End PBXProject section */

/* Begin PBXResourcesBuildPhase section */
		F5CDAB84286A54F300DD1836 /* Resources */ = {
			isa = PBXResourcesBuildPhase;
			buildActionMask = 2147483647;
			files = (
				F5CDAB99286A54F400DD1836 /* LaunchScreen.storyboard in Resources */,
				F5CDAB96286A54F400DD1836 /* Assets.xcassets in Resources */,
				F5CDAB94286A54F300DD1836 /* Main.storyboard in Resources */,
			);
			runOnlyForDeploymentPostprocessing = 0;
		};
		F5CDAB9F286A54F400DD1836 /* Resources */ = {
			isa = PBXResourcesBuildPhase;
			buildActionMask = 2147483647;
			files = (
			);
			runOnlyForDeploymentPostprocessing = 0;
		};
		F5CDABA9286A54F400DD1836 /* Resources */ = {
			isa = PBXResourcesBuildPhase;
			buildActionMask = 2147483647;
			files = (
			);
			runOnlyForDeploymentPostprocessing = 0;
		};
/* End PBXResourcesBuildPhase section */

/* Begin PBXShellScriptBuildPhase section */
		8A2D713A4BBBAF142162D243 /* [CP] Check Pods Manifest.lock */ = {
			isa = PBXShellScriptBuildPhase;
			buildActionMask = 2147483647;
			files = (
			);
			inputPaths = (
				"${PODS_PODFILE_DIR_PATH}/Podfile.lock",
				"${PODS_ROOT}/Manifest.lock",
			);
			name = "[CP] Check Pods Manifest.lock";
			outputPaths = (
				"$(DERIVED_FILE_DIR)/Pods-InstagramTests-checkManifestLockResult.txt",
			);
			runOnlyForDeploymentPostprocessing = 0;
			shellPath = /bin/sh;
			shellScript = "diff \"${PODS_PODFILE_DIR_PATH}/Podfile.lock\" \"${PODS_ROOT}/Manifest.lock\" > /dev/null\nif [ $? != 0 ] ; then\n    # print error to STDERR\n    echo \"error: The sandbox is not in sync with the Podfile.lock. Run 'pod install' or update your CocoaPods installation.\" >&2\n    exit 1\nfi\n# This output is used by Xcode 'outputs' to avoid re-running this script phase.\necho \"SUCCESS\" > \"${SCRIPT_OUTPUT_FILE_0}\"\n";
			showEnvVarsInLog = 0;
		};
		A8FFDD031C637859C7074D44 /* [CP] Copy Pods Resources */ = {
			isa = PBXShellScriptBuildPhase;
			buildActionMask = 2147483647;
			files = (
			);
			inputPaths = (
				"${SRCROOT}/Pods/Target Support Files/Pods-Instagram/Pods-Instagram-resources.sh",
				"${PODS_ROOT}/DateTools/DateTools/DateTools/DateTools.bundle",
				"${PODS_CONFIGURATION_BUILD_DIR}/Parse/Parse.bundle",
				"${PODS_CONFIGURATION_BUILD_DIR}/Parse/ParseUI.bundle",
			);
			name = "[CP] Copy Pods Resources";
			outputPaths = (
				"${TARGET_BUILD_DIR}/${UNLOCALIZED_RESOURCES_FOLDER_PATH}/DateTools.bundle",
				"${TARGET_BUILD_DIR}/${UNLOCALIZED_RESOURCES_FOLDER_PATH}/Parse.bundle",
				"${TARGET_BUILD_DIR}/${UNLOCALIZED_RESOURCES_FOLDER_PATH}/ParseUI.bundle",
			);
			runOnlyForDeploymentPostprocessing = 0;
			shellPath = /bin/sh;
			shellScript = "\"${SRCROOT}/Pods/Target Support Files/Pods-Instagram/Pods-Instagram-resources.sh\"\n";
			showEnvVarsInLog = 0;
		};
		D7E9AC87D8D2305A45D11B4D /* [CP] Check Pods Manifest.lock */ = {
			isa = PBXShellScriptBuildPhase;
			buildActionMask = 2147483647;
			files = (
			);
			inputPaths = (
				"${PODS_PODFILE_DIR_PATH}/Podfile.lock",
				"${PODS_ROOT}/Manifest.lock",
			);
			name = "[CP] Check Pods Manifest.lock";
			outputPaths = (
				"$(DERIVED_FILE_DIR)/Pods-InstagramUITests-checkManifestLockResult.txt",
			);
			runOnlyForDeploymentPostprocessing = 0;
			shellPath = /bin/sh;
			shellScript = "diff \"${PODS_PODFILE_DIR_PATH}/Podfile.lock\" \"${PODS_ROOT}/Manifest.lock\" > /dev/null\nif [ $? != 0 ] ; then\n    # print error to STDERR\n    echo \"error: The sandbox is not in sync with the Podfile.lock. Run 'pod install' or update your CocoaPods installation.\" >&2\n    exit 1\nfi\n# This output is used by Xcode 'outputs' to avoid re-running this script phase.\necho \"SUCCESS\" > \"${SCRIPT_OUTPUT_FILE_0}\"\n";
			showEnvVarsInLog = 0;
		};
		E8995101E4B0722E22910BC1 /* [CP] Check Pods Manifest.lock */ = {
			isa = PBXShellScriptBuildPhase;
			buildActionMask = 2147483647;
			files = (
			);
			inputPaths = (
				"${PODS_PODFILE_DIR_PATH}/Podfile.lock",
				"${PODS_ROOT}/Manifest.lock",
			);
			name = "[CP] Check Pods Manifest.lock";
			outputPaths = (
				"$(DERIVED_FILE_DIR)/Pods-Instagram-checkManifestLockResult.txt",
			);
			runOnlyForDeploymentPostprocessing = 0;
			shellPath = /bin/sh;
			shellScript = "diff \"${PODS_PODFILE_DIR_PATH}/Podfile.lock\" \"${PODS_ROOT}/Manifest.lock\" > /dev/null\nif [ $? != 0 ] ; then\n    # print error to STDERR\n    echo \"error: The sandbox is not in sync with the Podfile.lock. Run 'pod install' or update your CocoaPods installation.\" >&2\n    exit 1\nfi\n# This output is used by Xcode 'outputs' to avoid re-running this script phase.\necho \"SUCCESS\" > \"${SCRIPT_OUTPUT_FILE_0}\"\n";
			showEnvVarsInLog = 0;
		};
/* End PBXShellScriptBuildPhase section */

/* Begin PBXSourcesBuildPhase section */
		F5CDAB82286A54F300DD1836 /* Sources */ = {
			isa = PBXSourcesBuildPhase;
			buildActionMask = 2147483647;
			files = (
				F5CDABC6286A716400DD1836 /* PhotoMapViewController.m in Sources */,
				F59A6A8C286D69D80073C1BB /* PostCollectionViewCell.m in Sources */,
				F5CDABC3286A634500DD1836 /* HomeFeedViewController.m in Sources */,
				F5CDAB8B286A54F300DD1836 /* AppDelegate.m in Sources */,
				F53B3121286E5159001F37CA /* InfiniteScrollActivityView.m in Sources */,
				F5CDAB9C286A54F400DD1836 /* main.m in Sources */,
				F59A6A89286D695C0073C1BB /* ProfileViewController.m in Sources */,
				F5CDAB8E286A54F300DD1836 /* SceneDelegate.m in Sources */,
				F5CDABC0286A568500DD1836 /* LoginViewController.m in Sources */,
				F59A6A43286BD71E0073C1BB /* DetailsViewController.m in Sources */,
				F5CDABC9286A758A00DD1836 /* Post.m in Sources */,
				F5CDABCF286BA37800DD1836 /* PostTableViewCell.m in Sources */,
			);
			runOnlyForDeploymentPostprocessing = 0;
		};
		F5CDAB9D286A54F400DD1836 /* Sources */ = {
			isa = PBXSourcesBuildPhase;
			buildActionMask = 2147483647;
			files = (
				F5CDABA6286A54F400DD1836 /* InstagramTests.m in Sources */,
			);
			runOnlyForDeploymentPostprocessing = 0;
		};
		F5CDABA7286A54F400DD1836 /* Sources */ = {
			isa = PBXSourcesBuildPhase;
			buildActionMask = 2147483647;
			files = (
				F5CDABB0286A54F400DD1836 /* InstagramUITests.m in Sources */,
				F5CDABB2286A54F400DD1836 /* InstagramUITestsLaunchTests.m in Sources */,
			);
			runOnlyForDeploymentPostprocessing = 0;
		};
/* End PBXSourcesBuildPhase section */

/* Begin PBXTargetDependency section */
		F5CDABA3286A54F400DD1836 /* PBXTargetDependency */ = {
			isa = PBXTargetDependency;
			target = F5CDAB85286A54F300DD1836 /* Instagram */;
			targetProxy = F5CDABA2286A54F400DD1836 /* PBXContainerItemProxy */;
		};
		F5CDABAD286A54F400DD1836 /* PBXTargetDependency */ = {
			isa = PBXTargetDependency;
			target = F5CDAB85286A54F300DD1836 /* Instagram */;
			targetProxy = F5CDABAC286A54F400DD1836 /* PBXContainerItemProxy */;
		};
/* End PBXTargetDependency section */

/* Begin PBXVariantGroup section */
		F5CDAB92286A54F300DD1836 /* Main.storyboard */ = {
			isa = PBXVariantGroup;
			children = (
				F5CDAB93286A54F300DD1836 /* Base */,
			);
			name = Main.storyboard;
			sourceTree = "<group>";
		};
		F5CDAB97286A54F400DD1836 /* LaunchScreen.storyboard */ = {
			isa = PBXVariantGroup;
			children = (
				F5CDAB98286A54F400DD1836 /* Base */,
			);
			name = LaunchScreen.storyboard;
			sourceTree = "<group>";
		};
/* End PBXVariantGroup section */

/* Begin XCBuildConfiguration section */
		F5CDABB3286A54F400DD1836 /* Debug */ = {
			isa = XCBuildConfiguration;
			buildSettings = {
				ALWAYS_SEARCH_USER_PATHS = NO;
				CLANG_ANALYZER_NONNULL = YES;
				CLANG_ANALYZER_NUMBER_OBJECT_CONVERSION = YES_AGGRESSIVE;
				CLANG_CXX_LANGUAGE_STANDARD = "gnu++17";
				CLANG_ENABLE_MODULES = YES;
				CLANG_ENABLE_OBJC_ARC = YES;
				CLANG_ENABLE_OBJC_WEAK = YES;
				CLANG_WARN_BLOCK_CAPTURE_AUTORELEASING = YES;
				CLANG_WARN_BOOL_CONVERSION = YES;
				CLANG_WARN_COMMA = YES;
				CLANG_WARN_CONSTANT_CONVERSION = YES;
				CLANG_WARN_DEPRECATED_OBJC_IMPLEMENTATIONS = YES;
				CLANG_WARN_DIRECT_OBJC_ISA_USAGE = YES_ERROR;
				CLANG_WARN_DOCUMENTATION_COMMENTS = YES;
				CLANG_WARN_EMPTY_BODY = YES;
				CLANG_WARN_ENUM_CONVERSION = YES;
				CLANG_WARN_INFINITE_RECURSION = YES;
				CLANG_WARN_INT_CONVERSION = YES;
				CLANG_WARN_NON_LITERAL_NULL_CONVERSION = YES;
				CLANG_WARN_OBJC_IMPLICIT_RETAIN_SELF = YES;
				CLANG_WARN_OBJC_LITERAL_CONVERSION = YES;
				CLANG_WARN_OBJC_ROOT_CLASS = YES_ERROR;
				CLANG_WARN_QUOTED_INCLUDE_IN_FRAMEWORK_HEADER = YES;
				CLANG_WARN_RANGE_LOOP_ANALYSIS = YES;
				CLANG_WARN_STRICT_PROTOTYPES = YES;
				CLANG_WARN_SUSPICIOUS_MOVE = YES;
				CLANG_WARN_UNGUARDED_AVAILABILITY = YES_AGGRESSIVE;
				CLANG_WARN_UNREACHABLE_CODE = YES;
				CLANG_WARN__DUPLICATE_METHOD_MATCH = YES;
				COPY_PHASE_STRIP = NO;
				DEBUG_INFORMATION_FORMAT = dwarf;
				ENABLE_STRICT_OBJC_MSGSEND = YES;
				ENABLE_TESTABILITY = YES;
				GCC_C_LANGUAGE_STANDARD = gnu11;
				GCC_DYNAMIC_NO_PIC = NO;
				GCC_NO_COMMON_BLOCKS = YES;
				GCC_OPTIMIZATION_LEVEL = 0;
				GCC_PREPROCESSOR_DEFINITIONS = (
					"DEBUG=1",
					"$(inherited)",
				);
				GCC_WARN_64_TO_32_BIT_CONVERSION = YES;
				GCC_WARN_ABOUT_RETURN_TYPE = YES_ERROR;
				GCC_WARN_UNDECLARED_SELECTOR = YES;
				GCC_WARN_UNINITIALIZED_AUTOS = YES_AGGRESSIVE;
				GCC_WARN_UNUSED_FUNCTION = YES;
				GCC_WARN_UNUSED_VARIABLE = YES;
				IPHONEOS_DEPLOYMENT_TARGET = 15.5;
				MTL_ENABLE_DEBUG_INFO = INCLUDE_SOURCE;
				MTL_FAST_MATH = YES;
				ONLY_ACTIVE_ARCH = YES;
				SDKROOT = iphoneos;
			};
			name = Debug;
		};
		F5CDABB4286A54F400DD1836 /* Release */ = {
			isa = XCBuildConfiguration;
			buildSettings = {
				ALWAYS_SEARCH_USER_PATHS = NO;
				CLANG_ANALYZER_NONNULL = YES;
				CLANG_ANALYZER_NUMBER_OBJECT_CONVERSION = YES_AGGRESSIVE;
				CLANG_CXX_LANGUAGE_STANDARD = "gnu++17";
				CLANG_ENABLE_MODULES = YES;
				CLANG_ENABLE_OBJC_ARC = YES;
				CLANG_ENABLE_OBJC_WEAK = YES;
				CLANG_WARN_BLOCK_CAPTURE_AUTORELEASING = YES;
				CLANG_WARN_BOOL_CONVERSION = YES;
				CLANG_WARN_COMMA = YES;
				CLANG_WARN_CONSTANT_CONVERSION = YES;
				CLANG_WARN_DEPRECATED_OBJC_IMPLEMENTATIONS = YES;
				CLANG_WARN_DIRECT_OBJC_ISA_USAGE = YES_ERROR;
				CLANG_WARN_DOCUMENTATION_COMMENTS = YES;
				CLANG_WARN_EMPTY_BODY = YES;
				CLANG_WARN_ENUM_CONVERSION = YES;
				CLANG_WARN_INFINITE_RECURSION = YES;
				CLANG_WARN_INT_CONVERSION = YES;
				CLANG_WARN_NON_LITERAL_NULL_CONVERSION = YES;
				CLANG_WARN_OBJC_IMPLICIT_RETAIN_SELF = YES;
				CLANG_WARN_OBJC_LITERAL_CONVERSION = YES;
				CLANG_WARN_OBJC_ROOT_CLASS = YES_ERROR;
				CLANG_WARN_QUOTED_INCLUDE_IN_FRAMEWORK_HEADER = YES;
				CLANG_WARN_RANGE_LOOP_ANALYSIS = YES;
				CLANG_WARN_STRICT_PROTOTYPES = YES;
				CLANG_WARN_SUSPICIOUS_MOVE = YES;
				CLANG_WARN_UNGUARDED_AVAILABILITY = YES_AGGRESSIVE;
				CLANG_WARN_UNREACHABLE_CODE = YES;
				CLANG_WARN__DUPLICATE_METHOD_MATCH = YES;
				COPY_PHASE_STRIP = NO;
				DEBUG_INFORMATION_FORMAT = "dwarf-with-dsym";
				ENABLE_NS_ASSERTIONS = NO;
				ENABLE_STRICT_OBJC_MSGSEND = YES;
				GCC_C_LANGUAGE_STANDARD = gnu11;
				GCC_NO_COMMON_BLOCKS = YES;
				GCC_WARN_64_TO_32_BIT_CONVERSION = YES;
				GCC_WARN_ABOUT_RETURN_TYPE = YES_ERROR;
				GCC_WARN_UNDECLARED_SELECTOR = YES;
				GCC_WARN_UNINITIALIZED_AUTOS = YES_AGGRESSIVE;
				GCC_WARN_UNUSED_FUNCTION = YES;
				GCC_WARN_UNUSED_VARIABLE = YES;
				IPHONEOS_DEPLOYMENT_TARGET = 15.5;
				MTL_ENABLE_DEBUG_INFO = NO;
				MTL_FAST_MATH = YES;
				SDKROOT = iphoneos;
				VALIDATE_PRODUCT = YES;
			};
			name = Release;
		};
		F5CDABB6286A54F400DD1836 /* Debug */ = {
			isa = XCBuildConfiguration;
			baseConfigurationReference = ECF8F8813A9B6C3EEC12E1BD /* Pods-Instagram.debug.xcconfig */;
			buildSettings = {
				ASSETCATALOG_COMPILER_APPICON_NAME = AppIcon;
				ASSETCATALOG_COMPILER_GLOBAL_ACCENT_COLOR_NAME = AccentColor;
				CODE_SIGN_STYLE = Automatic;
				CURRENT_PROJECT_VERSION = 1;
				DEVELOPMENT_TEAM = 987FLBMUYL;
				GENERATE_INFOPLIST_FILE = YES;
				INFOPLIST_FILE = Instagram/Info.plist;
				INFOPLIST_KEY_NSCameraUsageDescription = "Need camera access to take pictures";
				INFOPLIST_KEY_NSPhotoLibraryUsageDescription = "Need library access to upload images";
				INFOPLIST_KEY_UIApplicationSupportsIndirectInputEvents = YES;
				INFOPLIST_KEY_UILaunchStoryboardName = LaunchScreen;
				INFOPLIST_KEY_UIMainStoryboardFile = Main;
				INFOPLIST_KEY_UISupportedInterfaceOrientations_iPad = "UIInterfaceOrientationPortrait UIInterfaceOrientationPortraitUpsideDown UIInterfaceOrientationLandscapeLeft UIInterfaceOrientationLandscapeRight";
				INFOPLIST_KEY_UISupportedInterfaceOrientations_iPhone = "UIInterfaceOrientationPortrait UIInterfaceOrientationLandscapeLeft UIInterfaceOrientationLandscapeRight";
				LD_RUNPATH_SEARCH_PATHS = (
					"$(inherited)",
					"@executable_path/Frameworks",
				);
				MARKETING_VERSION = 1.0;
				PRODUCT_BUNDLE_IDENTIFIER = com.apoorva.insta;
				PRODUCT_NAME = "$(TARGET_NAME)";
				SWIFT_EMIT_LOC_STRINGS = YES;
				TARGETED_DEVICE_FAMILY = "1,2";
			};
			name = Debug;
		};
		F5CDABB7286A54F400DD1836 /* Release */ = {
			isa = XCBuildConfiguration;
			baseConfigurationReference = F7F02155B674F6E01C01855A /* Pods-Instagram.release.xcconfig */;
			buildSettings = {
				ASSETCATALOG_COMPILER_APPICON_NAME = AppIcon;
				ASSETCATALOG_COMPILER_GLOBAL_ACCENT_COLOR_NAME = AccentColor;
				CODE_SIGN_STYLE = Automatic;
				CURRENT_PROJECT_VERSION = 1;
				DEVELOPMENT_TEAM = 987FLBMUYL;
				GENERATE_INFOPLIST_FILE = YES;
				INFOPLIST_FILE = Instagram/Info.plist;
				INFOPLIST_KEY_NSCameraUsageDescription = "Need camera access to take pictures";
				INFOPLIST_KEY_NSPhotoLibraryUsageDescription = "Need library access to upload images";
				INFOPLIST_KEY_UIApplicationSupportsIndirectInputEvents = YES;
				INFOPLIST_KEY_UILaunchStoryboardName = LaunchScreen;
				INFOPLIST_KEY_UIMainStoryboardFile = Main;
				INFOPLIST_KEY_UISupportedInterfaceOrientations_iPad = "UIInterfaceOrientationPortrait UIInterfaceOrientationPortraitUpsideDown UIInterfaceOrientationLandscapeLeft UIInterfaceOrientationLandscapeRight";
				INFOPLIST_KEY_UISupportedInterfaceOrientations_iPhone = "UIInterfaceOrientationPortrait UIInterfaceOrientationLandscapeLeft UIInterfaceOrientationLandscapeRight";
				LD_RUNPATH_SEARCH_PATHS = (
					"$(inherited)",
					"@executable_path/Frameworks",
				);
				MARKETING_VERSION = 1.0;
				PRODUCT_BUNDLE_IDENTIFIER = com.apoorva.insta;
				PRODUCT_NAME = "$(TARGET_NAME)";
				SWIFT_EMIT_LOC_STRINGS = YES;
				TARGETED_DEVICE_FAMILY = "1,2";
			};
			name = Release;
		};
		F5CDABB9286A54F400DD1836 /* Debug */ = {
			isa = XCBuildConfiguration;
			baseConfigurationReference = A25FE57635077B4B74FC3037 /* Pods-InstagramTests.debug.xcconfig */;
			buildSettings = {
				BUNDLE_LOADER = "$(TEST_HOST)";
				CODE_SIGN_STYLE = Automatic;
				CURRENT_PROJECT_VERSION = 1;
				DEVELOPMENT_TEAM = "";
				GENERATE_INFOPLIST_FILE = YES;
				IPHONEOS_DEPLOYMENT_TARGET = 15.5;
				MARKETING_VERSION = 1.0;
				PRODUCT_BUNDLE_IDENTIFIER = com.fb.InstagramTests;
				PRODUCT_NAME = "$(TARGET_NAME)";
				SWIFT_EMIT_LOC_STRINGS = NO;
				TARGETED_DEVICE_FAMILY = "1,2";
				TEST_HOST = "$(BUILT_PRODUCTS_DIR)/Instagram.app/Instagram";
			};
			name = Debug;
		};
		F5CDABBA286A54F400DD1836 /* Release */ = {
			isa = XCBuildConfiguration;
			baseConfigurationReference = E469A9157B4447E901437681 /* Pods-InstagramTests.release.xcconfig */;
			buildSettings = {
				BUNDLE_LOADER = "$(TEST_HOST)";
				CODE_SIGN_STYLE = Automatic;
				CURRENT_PROJECT_VERSION = 1;
				DEVELOPMENT_TEAM = "";
				GENERATE_INFOPLIST_FILE = YES;
				IPHONEOS_DEPLOYMENT_TARGET = 15.5;
				MARKETING_VERSION = 1.0;
				PRODUCT_BUNDLE_IDENTIFIER = com.fb.InstagramTests;
				PRODUCT_NAME = "$(TARGET_NAME)";
				SWIFT_EMIT_LOC_STRINGS = NO;
				TARGETED_DEVICE_FAMILY = "1,2";
				TEST_HOST = "$(BUILT_PRODUCTS_DIR)/Instagram.app/Instagram";
			};
			name = Release;
		};
		F5CDABBC286A54F400DD1836 /* Debug */ = {
			isa = XCBuildConfiguration;
			baseConfigurationReference = EBF3B8DDAA5601294F901113 /* Pods-InstagramUITests.debug.xcconfig */;
			buildSettings = {
				CODE_SIGN_STYLE = Automatic;
				CURRENT_PROJECT_VERSION = 1;
				GENERATE_INFOPLIST_FILE = YES;
				MARKETING_VERSION = 1.0;
				PRODUCT_BUNDLE_IDENTIFIER = com.fb.InstagramUITests;
				PRODUCT_NAME = "$(TARGET_NAME)";
				SWIFT_EMIT_LOC_STRINGS = NO;
				TARGETED_DEVICE_FAMILY = "1,2";
				TEST_TARGET_NAME = Instagram;
			};
			name = Debug;
		};
		F5CDABBD286A54F400DD1836 /* Release */ = {
			isa = XCBuildConfiguration;
			baseConfigurationReference = 5C55579497AD320C15B025FA /* Pods-InstagramUITests.release.xcconfig */;
			buildSettings = {
				CODE_SIGN_STYLE = Automatic;
				CURRENT_PROJECT_VERSION = 1;
				GENERATE_INFOPLIST_FILE = YES;
				MARKETING_VERSION = 1.0;
				PRODUCT_BUNDLE_IDENTIFIER = com.fb.InstagramUITests;
				PRODUCT_NAME = "$(TARGET_NAME)";
				SWIFT_EMIT_LOC_STRINGS = NO;
				TARGETED_DEVICE_FAMILY = "1,2";
				TEST_TARGET_NAME = Instagram;
			};
			name = Release;
		};
/* End XCBuildConfiguration section */

/* Begin XCConfigurationList section */
		F5CDAB81286A54F300DD1836 /* Build configuration list for PBXProject "Instagram" */ = {
			isa = XCConfigurationList;
			buildConfigurations = (
				F5CDABB3286A54F400DD1836 /* Debug */,
				F5CDABB4286A54F400DD1836 /* Release */,
			);
			defaultConfigurationIsVisible = 0;
			defaultConfigurationName = Release;
		};
		F5CDABB5286A54F400DD1836 /* Build configuration list for PBXNativeTarget "Instagram" */ = {
			isa = XCConfigurationList;
			buildConfigurations = (
				F5CDABB6286A54F400DD1836 /* Debug */,
				F5CDABB7286A54F400DD1836 /* Release */,
			);
			defaultConfigurationIsVisible = 0;
			defaultConfigurationName = Release;
		};
		F5CDABB8286A54F400DD1836 /* Build configuration list for PBXNativeTarget "InstagramTests" */ = {
			isa = XCConfigurationList;
			buildConfigurations = (
				F5CDABB9286A54F400DD1836 /* Debug */,
				F5CDABBA286A54F400DD1836 /* Release */,
			);
			defaultConfigurationIsVisible = 0;
			defaultConfigurationName = Release;
		};
		F5CDABBB286A54F400DD1836 /* Build configuration list for PBXNativeTarget "InstagramUITests" */ = {
			isa = XCConfigurationList;
			buildConfigurations = (
				F5CDABBC286A54F400DD1836 /* Debug */,
				F5CDABBD286A54F400DD1836 /* Release */,
			);
			defaultConfigurationIsVisible = 0;
			defaultConfigurationName = Release;
		};
/* End XCConfigurationList section */
	};
	rootObject = F5CDAB7E286A54F300DD1836 /* Project object */;
}
